
Microsoft Visual Studio Solution File, Format Version 12.00
Project("{FAE04EC0-301F-11D3-BF4B-00C04F79EFBC}") = "NSS-Code-Challenge-CSharp", "NSS-Code-Challenge-CSharp\NSS-Code-Challenge-CSharp.csproj", "{9336C54A-D1AC-4E2A-A644-4D980DEC49E2}"
EndProject
Global
	GlobalSection(SolutionConfigurationPlatforms) = preSolution
		Debug|Any CPU = Debug|Any CPU
		Release|Any CPU = Release|Any CPU
	EndGlobalSection
	GlobalSection(ProjectConfigurationPlatforms) = postSolution
		{9336C54A-D1AC-4E2A-A644-4D980DEC49E2}.Debug|Any CPU.ActiveCfg = Debug|Any CPU
		{9336C54A-D1AC-4E2A-A644-4D980DEC49E2}.Debug|Any CPU.Build.0 = Debug|Any CPU
		{9336C54A-D1AC-4E2A-A644-4D980DEC49E2}.Release|Any CPU.ActiveCfg = Release|Any CPU
		{9336C54A-D1AC-4E2A-A644-4D980DEC49E2}.Release|Any CPU.Build.0 = Release|Any CPU
	EndGlobalSection
EndGlobal
